PODS:
  - Cartography (3.1.0)
  - Flutter (1.0.0)
  - NebuIA (0.0.41):
    - Cartography (~> 3.0)
    - NicoProgress
  - nebuia_plugin (0.0.1):
    - Flutter
    - NebuIA (~> 0.0.41)
  - NicoProgress (0.4.0)

DEPENDENCIES:
  - Flutter (from `Flutter`)
  - nebuia_plugin (from `.symlinks/plugins/nebuia_plugin/ios`)

SPEC REPOS:
  trunk:
    - Cartography
    - NebuIA
    - NicoProgress

EXTERNAL SOURCES:
  Flutter:
    :path: Flutter
  nebuia_plugin:
    :path: ".symlinks/plugins/nebuia_plugin/ios"

SPEC CHECKSUMS:
  Cartography: 1988b7578871a56c036e7af17195cb2190edf18c
  Flutter: 50d75fe2f02b26cc09d224853bb45737f8b3214a
  NebuIA: bdf6d605ae7985ee8ebe93587d52d9ee9812010a
  nebuia_plugin: 9551dc855498c378fc3930fcf185932694516c13
  NicoProgress: 8e26d401623a1ba9456748b04b30183d5e212d25

PODFILE CHECKSUM: cc1f88378b4bfcf93a6ce00d2c587857c6008d3b

COCOAPODS: 1.11.3
